
Microsoft Visual Studio Solution File, Format Version 12.00
# Visual Studio Version 17
VisualStudioVersion = 17.3.32901.215
MinimumVisualStudioVersion = 10.0.40219.1
Project("{8BC9CEB8-8B4A-11D0-8D11-00A0C91BC942}") = "Practice2_0", "Practice2_0\Practice2_0.vcxproj", "{0C5708F6-A263-40BC-B301-6C270E3B2BE2}"
EndProject
Global
	GlobalSection(SolutionConfigurationPlatforms) = preSolution
		Debug|x64 = Debug|x64
		Debug|x86 = Debug|x86
		Release|x64 = Release|x64
		Release|x86 = Release|x86
	EndGlobalSection
	GlobalSection(ProjectConfigurationPlatforms) = postSolution
		{0C5708F6-A263-40BC-B301-6C270E3B2BE2}.Debug|x64.ActiveCfg = Debug|x64
		{0C5708F6-A263-40BC-B301-6C270E3B2BE2}.Debug|x64.Build.0 = Debug|x64
		{0C5708F6-A263-40BC-B301-6C270E3B2BE2}.Debug|x86.ActiveCfg = Debug|Win32
		{0C5708F6-A263-40BC-B301-6C270E3B2BE2}.Debug|x86.Build.0 = Debug|Win32
		{0C5708F6-A263-40BC-B301-6C270E3B2BE2}.Release|x64.ActiveCfg = Release|x64
		{0C5708F6-A263-40BC-B301-6C270E3B2BE2}.Release|x64.Build.0 = Release|x64
		{0C5708F6-A263-40BC-B301-6C270E3B2BE2}.Release|x86.ActiveCfg = Release|Win32
		{0C5708F6-A263-40BC-B301-6C270E3B2BE2}.Release|x86.Build.0 = Release|Win32
	EndGlobalSection
	GlobalSection(SolutionProperties) = preSolution
		HideSolutionNode = FALSE
	EndGlobalSection
	GlobalSection(ExtensibilityGlobals) = postSolution
		SolutionGuid = {16B87772-4C52-4C6B-9888-200D34EE12D8}
	EndGlobalSection
EndGlobal
